{
  "version": 4,
  "terraform_version": "0.14.5",
  "serial": 3,
  "lineage": "ec4ffa04-5ee7-8c24-0ae9-d28479d3cb3c",
  "outputs": {},
  "resources": [
    {
      "module": "module.ujian-web1",
      "mode": "managed",
      "type": "aws_instance",
      "name": "this",
      "provider": "provider[\"registry.terraform.io/hashicorp/aws\"]",
      "instances": [
        {
          "index_key": 0,
          "schema_version": 1,
          "attributes": {
            "ami": "ami-0f86a70488991335e",
            "arn": "arn:aws:ec2:ap-southeast-1:668579228208:instance/i-0e8df92e70d9f4448",
            "associate_public_ip_address": true,
            "availability_zone": "ap-southeast-1a",
            "cpu_core_count": 1,
            "cpu_threads_per_core": 1,
            "credit_specification": [
              {
                "cpu_credits": "standard"
              }
            ],
            "disable_api_termination": false,
            "ebs_block_device": [],
            "ebs_optimized": false,
            "enclave_options": [
              {
                "enabled": false
              }
            ],
            "ephemeral_block_device": [],
            "get_password_data": false,
            "hibernation": false,
            "host_id": null,
            "iam_instance_profile": "",
            "id": "i-0e8df92e70d9f4448",
            "instance_initiated_shutdown_behavior": null,
            "instance_state": "running",
            "instance_type": "t2.micro",
            "ipv6_address_count": 0,
            "ipv6_addresses": [],
            "key_name": "jcde-key",
            "metadata_options": [
              {
                "http_endpoint": "enabled",
                "http_put_response_hop_limit": 1,
                "http_tokens": "optional"
              }
            ],
            "monitoring": false,
            "network_interface": [],
            "outpost_arn": "",
            "password_data": "",
            "placement_group": "",
            "primary_network_interface_id": "eni-0fea17fec5df6c148",
            "private_dns": "ip-172-31-46-5.ap-southeast-1.compute.internal",
            "private_ip": "172.31.46.5",
            "public_dns": "ec2-54-179-170-193.ap-southeast-1.compute.amazonaws.com",
            "public_ip": "54.179.170.193",
            "root_block_device": [
              {
                "delete_on_termination": true,
                "device_name": "/dev/sda1",
                "encrypted": false,
                "iops": 100,
                "kms_key_id": "",
                "tags": {},
                "throughput": 0,
                "volume_id": "vol-00993890e0aa50682",
                "volume_size": 10,
                "volume_type": "gp2"
              }
            ],
            "secondary_private_ips": [],
            "security_groups": [
              "sg_vm_http",
              "sg_vm_ssh"
            ],
            "source_dest_check": true,
            "subnet_id": "subnet-9cde09d4",
            "tags": {
              "Name": "ujian-web1"
            },
            "tenancy": "default",
            "timeouts": null,
            "user_data": "65d8cafb4ac6dc0795cf3d29684a6f56848803d4",
            "user_data_base64": null,
            "volume_tags": null,
            "vpc_security_group_ids": [
              "sg-0ab9ebacee9287ff1",
              "sg-0e4ac149b1463cdfc"
            ]
          },
          "sensitive_attributes": [],
          "private": "eyJlMmJmYjczMC1lY2FhLTExZTYtOGY4OC0zNDM2M2JjN2M0YzAiOnsiY3JlYXRlIjo2MDAwMDAwMDAwMDAsImRlbGV0ZSI6MTIwMDAwMDAwMDAwMCwidXBkYXRlIjo2MDAwMDAwMDAwMDB9LCJzY2hlbWFfdmVyc2lvbiI6IjEifQ=="
        }
      ]
    },
    {
      "module": "module.ujian-web2",
      "mode": "managed",
      "type": "aws_instance",
      "name": "this",
      "provider": "provider[\"registry.terraform.io/hashicorp/aws\"]",
      "instances": [
        {
          "index_key": 0,
          "schema_version": 1,
          "attributes": {
            "ami": "ami-09a6a7e49bd29554b",
            "arn": "arn:aws:ec2:ap-southeast-1:668579228208:instance/i-044817417915ebbe1",
            "associate_public_ip_address": true,
            "availability_zone": "ap-southeast-1a",
            "cpu_core_count": 1,
            "cpu_threads_per_core": 1,
            "credit_specification": [
              {
                "cpu_credits": "standard"
              }
            ],
            "disable_api_termination": false,
            "ebs_block_device": [],
            "ebs_optimized": false,
            "enclave_options": [
              {
                "enabled": false
              }
            ],
            "ephemeral_block_device": [],
            "get_password_data": false,
            "hibernation": false,
            "host_id": null,
            "iam_instance_profile": "",
            "id": "i-044817417915ebbe1",
            "instance_initiated_shutdown_behavior": null,
            "instance_state": "running",
            "instance_type": "t2.micro",
            "ipv6_address_count": 0,
            "ipv6_addresses": [],
            "key_name": "jcde-key",
            "metadata_options": [
              {
                "http_endpoint": "enabled",
                "http_put_response_hop_limit": 1,
                "http_tokens": "optional"
              }
            ],
            "monitoring": false,
            "network_interface": [],
            "outpost_arn": "",
            "password_data": "",
            "placement_group": "",
            "primary_network_interface_id": "eni-09100151fd40b30b5",
            "private_dns": "ip-172-31-32-224.ap-southeast-1.compute.internal",
            "private_ip": "172.31.32.224",
            "public_dns": "ec2-52-221-243-0.ap-southeast-1.compute.amazonaws.com",
            "public_ip": "52.221.243.0",
            "root_block_device": [
              {
                "delete_on_termination": true,
                "device_name": "/dev/sda1",
                "encrypted": false,
                "iops": 100,
                "kms_key_id": "",
                "tags": {},
                "throughput": 0,
                "volume_id": "vol-0fb26a68ef2c321a9",
                "volume_size": 8,
                "volume_type": "gp2"
              }
            ],
            "secondary_private_ips": [],
            "security_groups": [
              "sg_vm_http",
              "sg_vm_ssh"
            ],
            "source_dest_check": true,
            "subnet_id": "subnet-9cde09d4",
            "tags": {
              "Name": "ujian-web2"
            },
            "tenancy": "default",
            "timeouts": null,
            "user_data": "65d8cafb4ac6dc0795cf3d29684a6f56848803d4",
            "user_data_base64": null,
            "volume_tags": null,
            "vpc_security_group_ids": [
              "sg-0ab9ebacee9287ff1",
              "sg-0e4ac149b1463cdfc"
            ]
          },
          "sensitive_attributes": [],
          "private": "eyJlMmJmYjczMC1lY2FhLTExZTYtOGY4OC0zNDM2M2JjN2M0YzAiOnsiY3JlYXRlIjo2MDAwMDAwMDAwMDAsImRlbGV0ZSI6MTIwMDAwMDAwMDAwMCwidXBkYXRlIjo2MDAwMDAwMDAwMDB9LCJzY2hlbWFfdmVyc2lvbiI6IjEifQ=="
        }
      ]
    }
  ]
}
